
Microsoft Visual Studio Solution File, Format Version 12.00
# Visual Studio Version 16
VisualStudioVersion = 16.0.32901.82
MinimumVisualStudioVersion = 10.0.40219.1
Project("{9A19103F-16F7-4668-BE54-9A1E7A4F7556}") = "DB2VM_API", "DB2VM_API.csproj", "{3D52BF28-AF7D-412F-B515-75786CF96BAD}"
EndProject
Global
	GlobalSection(SolutionConfigurationPlatforms) = preSolution
		Debug|Any CPU = Debug|Any CPU
		Release|Any CPU = Release|Any CPU
	EndGlobalSection
	GlobalSection(ProjectConfigurationPlatforms) = postSolution
		{3D52BF28-AF7D-412F-B515-75786CF96BAD}.Debug|Any CPU.ActiveCfg = Debug|Any CPU
		{3D52BF28-AF7D-412F-B515-75786CF96BAD}.Debug|Any CPU.Build.0 = Debug|Any CPU
		{3D52BF28-AF7D-412F-B515-75786CF96BAD}.Release|Any CPU.ActiveCfg = Release|Any CPU
		{3D52BF28-AF7D-412F-B515-75786CF96BAD}.Release|Any CPU.Build.0 = Release|Any CPU
	EndGlobalSection
	GlobalSection(SolutionProperties) = preSolution
		HideSolutionNode = FALSE
	EndGlobalSection
	GlobalSection(ExtensibilityGlobals) = postSolution
		SolutionGuid = {351CEE7A-09F7-4599-927A-6FF74D3A81A0}
	EndGlobalSection
EndGlobal
